// !$*UTF8*$!
{
	archiveVersion = 1;
	classes = {
	};
	objectVersion = 77;
	objects = {

/* Begin PBXBuildFile section */
		36D9C18B2FFC3A5600886D05 /* Assets.xcassets in Resources */ = {isa = PBXBuildFile; fileRef = 36D9C1882FFC3A5600886D05 /* Assets.xcassets */; };
		36D9C18D2FFC3A5600886D05 /* NOXHApp.swift in Sources */ = {isa = PBXBuildFile; fileRef = 36D9C18A2FFC3A5600886D05 /* NOXHApp.swift */; };
/* End PBXBuildFile section */

/* Begin PBXContainerItemProxy section */
		3678DC0D2FFC34C800F23378 /* PBXContainerItemProxy */ = {
			isa = PBXContainerItemProxy;
			containerPortal = 3678DBF72FFC34C600F23378 /* Project object */;
			proxyType = 1;
			remoteGlobalIDString = 3678DBFE2FFC34C600F23378;
			remoteInfo = NOXH;
		};
		3678DC172FFC34C800F23378 /* PBXContainerItemProxy */ = {
			isa = PBXContainerItemProxy;
			containerPortal = 3678DBF72FFC34C600F23378 /* Project object */;
			proxyType = 1;
			remoteGlobalIDString = 3678DBFE2FFC34C600F23378;
			remoteInfo = NOXH;
		};
/* End PBXContainerItemProxy section */

/* Begin PBXFileReference section */
		3678DBFF2FFC34C600F23378 /* NOXH.app */ = {isa = PBXFileReference; explicitFileType = wrapper.application; includeInIndex = 0; path = NOXH.app; sourceTree = BUILT_PRODUCTS_DIR; };
		3678DC0C2FFC34C800F23378 /* NOXHTests.xctest */ = {isa = PBXFileReference; explicitFileType = wrapper.cfbundle; includeInIndex = 0; path = NOXHTests.xctest; sourceTree = BUILT_PRODUCTS_DIR; };
		3678DC162FFC34C800F23378 /* NOXHUITests.xctest */ = {isa = PBXFileReference; explicitFileType = wrapper.cfbundle; includeInIndex = 0; path = NOXHUITests.xctest; sourceTree = BUILT_PRODUCTS_DIR; };
		36D9C1882FFC3A5600886D05 /* Assets.xcassets */ = {isa = PBXFileReference; lastKnownFileType = folder.assetcatalog; path = Assets.xcassets; sourceTree = "<group>"; };
		36D9C18A2FFC3A5600886D05 /* NOXHApp.swift */ = {isa = PBXFileReference; lastKnownFileType = sourcecode.swift; path = NOXHApp.swift; sourceTree = "<group>"; };
/* End PBXFileReference section */

/* Begin PBXFileSystemSynchronizedRootGroup section */
		3678DC0F2FFC34C800F23378 /* NOXHTests */ = {
			isa = PBXFileSystemSynchronizedRootGroup;
			path = NOXHTests;
			sourceTree = "<group>";
		};
		3678DC192FFC34C800F23378 /* NOXHUITests */ = {
			isa = PBXFileSystemSynchronizedRootGroup;
			path = NOXHUITests;
			sourceTree = "<group>";
		};
/* End PBXFileSystemSynchronizedRootGroup section */

/* Begin PBXFrameworksBuildPhase section */
		3678DBFC2FFC34C600F23378 /* Frameworks */ = {
			isa = PBXFrameworksBuildPhase;
			buildActionMask = 2147483647;
			files = (
			);
			runOnlyForDeploymentPostprocessing = 0;
		};
		3678DC092FFC34C800F23378 /* Frameworks */ = {
			isa = PBXFrameworksBuildPhase;
			buildActionMask = 2147483647;
			files = (
			);
			runOnlyForDeploymentPostprocessing = 0;
		};
		3678DC132FFC34C800F23378 /* Frameworks */ = {
			isa = PBXFrameworksBuildPhase;
			buildActionMask = 2147483647;
			files = (
			);
			runOnlyForDeploymentPostprocessing = 0;
		};
/* End PBXFrameworksBuildPhase section */

/* Begin PBXGroup section */
		3678DBF62FFC34C600F23378 = {
			isa = PBXGroup;
			children = (
				36D9C19E2FFC3DAB00886D05 /* Views */,
				36D9C19D2FFC3DA300886D05 /* ViewModels */,
				36D9C19C2FFC3D9900886D05 /* Services */,
				36D9C19A2FFC3D8800886D05 /* Models */,
				36D9C1952FFC3D4E00886D05 /* Core */,
				36D9C1942FFC3D3500886D05 /* App */,
				3678DC0F2FFC34C800F23378 /* NOXHTests */,
				3678DC192FFC34C800F23378 /* NOXHUITests */,
				3678DC002FFC34C600F23378 /* Products */,
			);
			sourceTree = "<group>";
		};
		3678DC002FFC34C600F23378 /* Products */ = {
			isa = PBXGroup;
			children = (
				3678DBFF2FFC34C600F23378 /* NOXH.app */,
				3678DC0C2FFC34C800F23378 /* NOXHTests.xctest */,
				3678DC162FFC34C800F23378 /* NOXHUITests.xctest */,
			);
			name = Products;
			sourceTree = "<group>";
		};
		36D9C1942FFC3D3500886D05 /* App */ = {
			isa = PBXGroup;
			children = (
				36D9C18A2FFC3A5600886D05 /* NOXHApp.swift */,
			);
			path = App;
			sourceTree = "<group>";
		};
		36D9C1952FFC3D4E00886D05 /* Core */ = {
			isa = PBXGroup;
			children = (
				36D9C1992FFC3D7B00886D05 /* Extensions */,
				36D9C1972FFC3D6F00886D05 /* Theme */,
			);
			path = Core;
			sourceTree = "<group>";
		};
		36D9C1972FFC3D6F00886D05 /* Theme */ = {
			isa = PBXGroup;
			children = (
				36D9C1882FFC3A5600886D05 /* Assets.xcassets */,
			);
			path = Theme;
			sourceTree = "<group>";
		};
		36D9C1992FFC3D7B00886D05 /* Extensions */ = {
			isa = PBXGroup;
			children = (
			);
			path = Extensions;
			sourceTree = "<group>";
		};
		36D9C19A2FFC3D8800886D05 /* Models */ = {
			isa = PBXGroup;
			children = (
			);
			path = Models;
			sourceTree = "<group>";
		};
		36D9C19C2FFC3D9900886D05 /* Services */ = {
			isa = PBXGroup;
			children = (
			);
			path = Services;
			sourceTree = "<group>";
		};
		36D9C19D2FFC3DA300886D05 /* ViewModels */ = {
			isa = PBXGroup;
			children = (
			);
			path = ViewModels;
			sourceTree = "<group>";
		};
		36D9C19E2FFC3DAB00886D05 /* Views */ = {
			isa = PBXGroup;
			children = (
			);
			path = Views;
			sourceTree = "<group>";
		};
/* End PBXGroup section */

/* Begin PBXNativeTarget section */
		3678DBFE2FFC34C600F23378 /* NOXH */ = {
			isa = PBXNativeTarget;
			buildConfigurationList = 3678DC202FFC34C800F23378 /* Build configuration list for PBXNativeTarget "NOXH" */;
			buildPhases = (
				3678DBFB2FFC34C600F23378 /* Sources */,
				3678DBFC2FFC34C600F23378 /* Frameworks */,
				3678DBFD2FFC34C600F23378 /* Resources */,
			);
			buildRules = (
			);
			dependencies = (
			);
			name = NOXH;
			packageProductDependencies = (
			);
			productName = NOXH;
			productReference = 3678DBFF2FFC34C600F23378 /* NOXH.app */;
			productType = "com.apple.product-type.application";
		};
		3678DC0B2FFC34C800F23378 /* NOXHTests */ = {
			isa = PBXNativeTarget;
			buildConfigurationList = 3678DC232FFC34C800F23378 /* Build configuration list for PBXNativeTarget "NOXHTests" */;
			buildPhases = (
				3678DC082FFC34C800F23378 /* Sources */,
				3678DC092FFC34C800F23378 /* Frameworks */,
				3678DC0A2FFC34C800F23378 /* Resources */,
			);
			buildRules = (
			);
			dependencies = (
				3678DC0E2FFC34C800F23378 /* PBXTargetDependency */,
			);
			fileSystemSynchronizedGroups = (
				3678DC0F2FFC34C800F23378 /* NOXHTests */,
			);
			name = NOXHTests;
			packageProductDependencies = (
			);
			productName = NOXHTests;
			productReference = 3678DC0C2FFC34C800F23378 /* NOXHTests.xctest */;
			productType = "com.apple.product-type.bundle.unit-test";
		};
		3678DC152FFC34C800F23378 /* NOXHUITests */ = {
			isa = PBXNativeTarget;
			buildConfigurationList = 3678DC262FFC34C800F23378 /* Build configuration list for PBXNativeTarget "NOXHUITests" */;
			buildPhases = (
				3678DC122FFC34C800F23378 /* Sources */,
				3678DC132FFC34C800F23378 /* Frameworks */,
				3678DC142FFC34C800F23378 /* Resources */,
			);
			buildRules = (
			);
			dependencies = (
				3678DC182FFC34C800F23378 /* PBXTargetDependency */,
			);
			fileSystemSynchronizedGroups = (
				3678DC192FFC34C800F23378 /* NOXHUITests */,
			);
			name = NOXHUITests;
			packageProductDependencies = (
			);
			productName = NOXHUITests;
			productReference = 3678DC162FFC34C800F23378 /* NOXHUITests.xctest */;
			productType = "com.apple.product-type.bundle.ui-testing";
		};
/* End PBXNativeTarget section */

/* Begin PBXProject section */
		3678DBF72FFC34C600F23378 /* Project object */ = {
			isa = PBXProject;
			attributes = {
				BuildIndependentTargetsInParallel = 1;
				LastSwiftUpdateCheck = 2650;
				LastUpgradeCheck = 2650;
				TargetAttributes = {
					3678DBFE2FFC34C600F23378 = {
						CreatedOnToolsVersion = 26.5;
					};
					3678DC0B2FFC34C800F23378 = {
						CreatedOnToolsVersion = 26.5;
						TestTargetID = 3678DBFE2FFC34C600F23378;
					};
					3678DC152FFC34C800F23378 = {
						CreatedOnToolsVersion = 26.5;
						TestTargetID = 3678DBFE2FFC34C600F23378;
					};
				};
			};
			buildConfigurationList = 3678DBFA2FFC34C600F23378 /* Build configuration list for PBXProject "NOXH" */;
			developmentRegion = en;
			hasScannedForEncodings = 0;
			knownRegions = (
				en,
				Base,
			);
			mainGroup = 3678DBF62FFC34C600F23378;
			minimizedProjectReferenceProxies = 1;
			preferredProjectObjectVersion = 77;
			productRefGroup = 3678DC002FFC34C600F23378 /* Products */;
			projectDirPath = "";
			projectRoot = "";
			targets = (
				3678DBFE2FFC34C600F23378 /* NOXH */,
				3678DC0B2FFC34C800F23378 /* NOXHTests */,
				3678DC152FFC34C800F23378 /* NOXHUITests */,
			);
		};
/* End PBXProject section */

/* Begin PBXResourcesBuildPhase section */
		3678DBFD2FFC34C600F23378 /* Resources */ = {
			isa = PBXResourcesBuildPhase;
			buildActionMask = 2147483647;
			files = (
				36D9C18B2FFC3A5600886D05 /* Assets.xcassets in Resources */,
			);
			runOnlyForDeploymentPostprocessing = 0;
		};
		3678DC0A2FFC34C800F23378 /* Resources */ = {
			isa = PBXResourcesBuildPhase;
			buildActionMask = 2147483647;
			files = (
			);
			runOnlyForDeploymentPostprocessing = 0;
		};
		3678DC142FFC34C800F23378 /* Resources */ = {
			isa = PBXResourcesBuildPhase;
			buildActionMask = 2147483647;
			files = (
			);
			runOnlyForDeploymentPostprocessing = 0;
		};
/* End PBXResourcesBuildPhase section */

/* Begin PBXSourcesBuildPhase section */
		3678DBFB2FFC34C600F23378 /* Sources */ = {
			isa = PBXSourcesBuildPhase;
			buildActionMask = 2147483647;
			files = (
				36D9C18D2FFC3A5600886D05 /* NOXHApp.swift in Sources */,
			);
			runOnlyForDeploymentPostprocessing = 0;
		};
		3678DC082FFC34C800F23378 /* Sources */ = {
			isa = PBXSourcesBuildPhase;
			buildActionMask = 2147483647;
			files = (
			);
			runOnlyForDeploymentPostprocessing = 0;
		};
		3678DC122FFC34C800F23378 /* Sources */ = {
			isa = PBXSourcesBuildPhase;
			buildActionMask = 2147483647;
			files = (
			);
			runOnlyForDeploymentPostprocessing = 0;
		};
/* End PBXSourcesBuildPhase section */

/* Begin PBXTargetDependency section */
		3678DC0E2FFC34C800F23378 /* PBXTargetDependency */ = {
			isa = PBXTargetDependency;
			target = 3678DBFE2FFC34C600F23378 /* NOXH */;
			targetProxy = 3678DC0D2FFC34C800F23378 /* PBXContainerItemProxy */;
		};
		3678DC182FFC34C800F23378 /* PBXTargetDependency */ = {
			isa = PBXTargetDependency;
			target = 3678DBFE2FFC34C600F23378 /* NOXH */;
			targetProxy = 3678DC172FFC34C800F23378 /* PBXContainerItemProxy */;
		};
/* End PBXTargetDependency section */

/* Begin XCBuildConfiguration section */
		3678DC1E2FFC34C800F23378 /* Debug */ = {
			isa = XCBuildConfiguration;
			buildSettings = {
				ALWAYS_SEARCH_USER_PATHS = NO;
				ASSETCATALOG_COMPILER_GENERATE_SWIFT_ASSET_SYMBOL_EXTENSIONS = YES;
				CLANG_ANALYZER_NONNULL = YES;
				CLANG_ANALYZER_NUMBER_OBJECT_CONVERSION = YES_AGGRESSIVE;
				CLANG_CXX_LANGUAGE_STANDARD = "gnu++20";
				CLANG_ENABLE_MODULES = YES;
				CLANG_ENABLE_OBJC_ARC = YES;
				CLANG_ENABLE_OBJC_WEAK = YES;
				CLANG_WARN_BLOCK_CAPTURE_AUTORELEASING = YES;
				CLANG_WARN_BOOL_CONVERSION = YES;
				CLANG_WARN_COMMA = YES;
				CLANG_WARN_CONSTANT_CONVERSION = YES;
				CLANG_WARN_DEPRECATED_OBJC_IMPLEMENTATIONS = YES;
				CLANG_WARN_DIRECT_OBJC_ISA_USAGE = YES_ERROR;
				CLANG_WARN_DOCUMENTATION_COMMENTS = YES;
				CLANG_WARN_EMPTY_BODY = YES;
				CLANG_WARN_ENUM_CONVERSION = YES;
				CLANG_WARN_INFINITE_RECURSION = YES;
				CLANG_WARN_INT_CONVERSION = YES;
				CLANG_WARN_NON_LITERAL_NULL_CONVERSION = YES;
				CLANG_WARN_OBJC_IMPLICIT_RETAIN_SELF = YES;
				CLANG_WARN_OBJC_LITERAL_CONVERSION = YES;
				CLANG_WARN_OBJC_ROOT_CLASS = YES_ERROR;
				CLANG_WARN_QUOTED_INCLUDE_IN_FRAMEWORK_HEADER = YES;
				CLANG_WARN_RANGE_LOOP_ANALYSIS = YES;
				CLANG_WARN_STRICT_PROTOTYPES = YES;
				CLANG_WARN_SUSPICIOUS_MOVE = YES;
				CLANG_WARN_UNGUARDED_AVAILABILITY = YES_AGGRESSIVE;
				CLANG_WARN_UNREACHABLE_CODE = YES;
				CLANG_WARN__DUPLICATE_METHOD_MATCH = YES;
				COPY_PHASE_STRIP = NO;
				DEBUG_INFORMATION_FORMAT = dwarf;
				DEVELOPMENT_TEAM = SXV873ZRZQ;
				ENABLE_STRICT_OBJC_MSGSEND = YES;
				ENABLE_TESTABILITY = YES;
				ENABLE_USER_SCRIPT_SANDBOXING = YES;
				GCC_C_LANGUAGE_STANDARD = gnu17;
				GCC_DYNAMIC_NO_PIC = NO;
				GCC_NO_COMMON_BLOCKS = YES;
				GCC_OPTIMIZATION_LEVEL = 0;
				GCC_PREPROCESSOR_DEFINITIONS = (
					"DEBUG=1",
					"$(inherited)",
				);
				GCC_WARN_64_TO_32_BIT_CONVERSION = YES;
				GCC_WARN_ABOUT_RETURN_TYPE = YES_ERROR;
				GCC_WARN_UNDECLARED_SELECTOR = YES;
				GCC_WARN_UNINITIALIZED_AUTOS = YES_AGGRESSIVE;
				GCC_WARN_UNUSED_FUNCTION = YES;
				GCC_WARN_UNUSED_VARIABLE = YES;
				IPHONEOS_DEPLOYMENT_TARGET = 26.5;
				LOCALIZATION_PREFERS_STRING_CATALOGS = YES;
				MTL_ENABLE_DEBUG_INFO = INCLUDE_SOURCE;
				MTL_FAST_MATH = YES;
				ONLY_ACTIVE_ARCH = YES;
				SDKROOT = iphoneos;
				SWIFT_ACTIVE_COMPILATION_CONDITIONS = "DEBUG $(inherited)";
				SWIFT_OPTIMIZATION_LEVEL = "-Onone";
			};
			name = Debug;
		};
		3678DC1F2FFC34C800F23378 /* Release */ = {
			isa = XCBuildConfiguration;
			buildSettings = {
				ALWAYS_SEARCH_USER_PATHS = NO;
				ASSETCATALOG_COMPILER_GENERATE_SWIFT_ASSET_SYMBOL_EXTENSIONS = YES;
				CLANG_ANALYZER_NONNULL = YES;
				CLANG_ANALYZER_NUMBER_OBJECT_CONVERSION = YES_AGGRESSIVE;
				CLANG_CXX_LANGUAGE_STANDARD = "gnu++20";
				CLANG_ENABLE_MODULES = YES;
				CLANG_ENABLE_OBJC_ARC = YES;
				CLANG_ENABLE_OBJC_WEAK = YES;
				CLANG_WARN_BLOCK_CAPTURE_AUTORELEASING = YES;
				CLANG_WARN_BOOL_CONVERSION = YES;
				CLANG_WARN_COMMA = YES;
				CLANG_WARN_CONSTANT_CONVERSION = YES;
				CLANG_WARN_DEPRECATED_OBJC_IMPLEMENTATIONS = YES;
				CLANG_WARN_DIRECT_OBJC_ISA_USAGE = YES_ERROR;
				CLANG_WARN_DOCUMENTATION_COMMENTS = YES;
				CLANG_WARN_EMPTY_BODY = YES;
				CLANG_WARN_ENUM_CONVERSION = YES;
				CLANG_WARN_INFINITE_RECURSION = YES;
				CLANG_WARN_INT_CONVERSION = YES;
				CLANG_WARN_NON_LITERAL_NULL_CONVERSION = YES;
				CLANG_WARN_OBJC_IMPLICIT_RETAIN_SELF = YES;
				CLANG_WARN_OBJC_LITERAL_CONVERSION = YES;
				CLANG_WARN_OBJC_ROOT_CLASS = YES_ERROR;
				CLANG_WARN_QUOTED_INCLUDE_IN_FRAMEWORK_HEADER = YES;
				CLANG_WARN_RANGE_LOOP_ANALYSIS = YES;
				CLANG_WARN_STRICT_PROTOTYPES = YES;
				CLANG_WARN_SUSPICIOUS_MOVE = YES;
				CLANG_WARN_UNGUARDED_AVAILABILITY = YES_AGGRESSIVE;
				CLANG_WARN_UNREACHABLE_CODE = YES;
				CLANG_WARN__DUPLICATE_METHOD_MATCH = YES;
				COPY_PHASE_STRIP = NO;
				DEBUG_INFORMATION_FORMAT = "dwarf-with-dsym";
				DEVELOPMENT_TEAM = SXV873ZRZQ;
				ENABLE_NS_ASSERTIONS = NO;
				ENABLE_STRICT_OBJC_MSGSEND = YES;
				ENABLE_USER_SCRIPT_SANDBOXING = YES;
				GCC_C_LANGUAGE_STANDARD = gnu17;
				GCC_NO_COMMON_BLOCKS = YES;
				GCC_WARN_64_TO_32_BIT_CONVERSION = YES;
				GCC_WARN_ABOUT_RETURN_TYPE = YES_ERROR;
				GCC_WARN_UNDECLARED_SELECTOR = YES;
				GCC_WARN_UNINITIALIZED_AUTOS = YES_AGGRESSIVE;
				GCC_WARN_UNUSED_FUNCTION = YES;
				GCC_WARN_UNUSED_VARIABLE = YES;
				IPHONEOS_DEPLOYMENT_TARGET = 26.5;
				LOCALIZATION_PREFERS_STRING_CATALOGS = YES;
				MTL_ENABLE_DEBUG_INFO = NO;
				MTL_FAST_MATH = YES;
				SDKROOT = iphoneos;
				SWIFT_COMPILATION_MODE = wholemodule;
				VALIDATE_PRODUCT = YES;
			};
			name = Release;
		};
		3678DC212FFC34C800F23378 /* Debug */ = {
			isa = XCBuildConfiguration;
			buildSettings = {
				ASSETCATALOG_COMPILER_APPICON_NAME = AppIcon;
				ASSETCATALOG_COMPILER_GLOBAL_ACCENT_COLOR_NAME = AccentColor;
				CODE_SIGN_STYLE = Automatic;
				CURRENT_PROJECT_VERSION = 1;
				DEVELOPMENT_TEAM = SXV873ZRZQ;
				ENABLE_PREVIEWS = YES;
				GENERATE_INFOPLIST_FILE = YES;
				INFOPLIST_KEY_UIApplicationSceneManifest_Generation = YES;
				INFOPLIST_KEY_UIApplicationSupportsIndirectInputEvents = YES;
				INFOPLIST_KEY_UILaunchScreen_Generation = YES;
				INFOPLIST_KEY_UISupportedInterfaceOrientations_iPad = "UIInterfaceOrientationPortrait UIInterfaceOrientationPortraitUpsideDown UIInterfaceOrientationLandscapeLeft UIInterfaceOrientationLandscapeRight";
				INFOPLIST_KEY_UISupportedInterfaceOrientations_iPhone = "UIInterfaceOrientationPortrait UIInterfaceOrientationLandscapeLeft UIInterfaceOrientationLandscapeRight";
				LD_RUNPATH_SEARCH_PATHS = (
					"$(inherited)",
					"@executable_path/Frameworks",
				);
				MARKETING_VERSION = 1.0;
				PRODUCT_BUNDLE_IDENTIFIER = com.attilagiczi.NOXH;
				PRODUCT_NAME = "$(TARGET_NAME)";
				STRING_CATALOG_GENERATE_SYMBOLS = YES;
				SWIFT_APPROACHABLE_CONCURRENCY = YES;
				SWIFT_DEFAULT_ACTOR_ISOLATION = MainActor;
				SWIFT_EMIT_LOC_STRINGS = YES;
				SWIFT_UPCOMING_FEATURE_MEMBER_IMPORT_VISIBILITY = YES;
				SWIFT_VERSION = 5.0;
				TARGETED_DEVICE_FAMILY = "1,2";
			};
			name = Debug;
		};
		3678DC222FFC34C800F23378 /* Release */ = {
			isa = XCBuildConfiguration;
			buildSettings = {
				ASSETCATALOG_COMPILER_APPICON_NAME = AppIcon;
				ASSETCATALOG_COMPILER_GLOBAL_ACCENT_COLOR_NAME = AccentColor;
				CODE_SIGN_STYLE = Automatic;
				CURRENT_PROJECT_VERSION = 1;
				DEVELOPMENT_TEAM = SXV873ZRZQ;
				ENABLE_PREVIEWS = YES;
				GENERATE_INFOPLIST_FILE = YES;
				INFOPLIST_KEY_UIApplicationSceneManifest_Generation = YES;
				INFOPLIST_KEY_UIApplicationSupportsIndirectInputEvents = YES;
				INFOPLIST_KEY_UILaunchScreen_Generation = YES;
				INFOPLIST_KEY_UISupportedInterfaceOrientations_iPad = "UIInterfaceOrientationPortrait UIInterfaceOrientationPortraitUpsideDown UIInterfaceOrientationLandscapeLeft UIInterfaceOrientationLandscapeRight";
				INFOPLIST_KEY_UISupportedInterfaceOrientations_iPhone = "UIInterfaceOrientationPortrait UIInterfaceOrientationLandscapeLeft UIInterfaceOrientationLandscapeRight";
				LD_RUNPATH_SEARCH_PATHS = (
					"$(inherited)",
					"@executable_path/Frameworks",
				);
				MARKETING_VERSION = 1.0;
				PRODUCT_BUNDLE_IDENTIFIER = com.attilagiczi.NOXH;
				PRODUCT_NAME = "$(TARGET_NAME)";
				STRING_CATALOG_GENERATE_SYMBOLS = YES;
				SWIFT_APPROACHABLE_CONCURRENCY = YES;
				SWIFT_DEFAULT_ACTOR_ISOLATION = MainActor;
				SWIFT_EMIT_LOC_STRINGS = YES;
				SWIFT_UPCOMING_FEATURE_MEMBER_IMPORT_VISIBILITY = YES;
				SWIFT_VERSION = 5.0;
				TARGETED_DEVICE_FAMILY = "1,2";
			};
			name = Release;
		};
		3678DC242FFC34C800F23378 /* Debug */ = {
			isa = XCBuildConfiguration;
			buildSettings = {
				BUNDLE_LOADER = "$(TEST_HOST)";
				CODE_SIGN_STYLE = Automatic;
				CURRENT_PROJECT_VERSION = 1;
				DEVELOPMENT_TEAM = SXV873ZRZQ;
				GENERATE_INFOPLIST_FILE = YES;
				IPHONEOS_DEPLOYMENT_TARGET = 26.5;
				MARKETING_VERSION = 1.0;
				PRODUCT_BUNDLE_IDENTIFIER = com.attilagiczi.NOXHTests;
				PRODUCT_NAME = "$(TARGET_NAME)";
				STRING_CATALOG_GENERATE_SYMBOLS = NO;
				SWIFT_APPROACHABLE_CONCURRENCY = YES;
				SWIFT_EMIT_LOC_STRINGS = NO;
				SWIFT_UPCOMING_FEATURE_MEMBER_IMPORT_VISIBILITY = YES;
				SWIFT_VERSION = 5.0;
				TARGETED_DEVICE_FAMILY = "1,2";
				TEST_HOST = "$(BUILT_PRODUCTS_DIR)/NOXH.app/$(BUNDLE_EXECUTABLE_FOLDER_PATH)/NOXH";
			};
			name = Debug;
		};
		3678DC252FFC34C800F23378 /* Release */ = {
			isa = XCBuildConfiguration;
			buildSettings = {
				BUNDLE_LOADER = "$(TEST_HOST)";
				CODE_SIGN_STYLE = Automatic;
				CURRENT_PROJECT_VERSION = 1;
				DEVELOPMENT_TEAM = SXV873ZRZQ;
				GENERATE_INFOPLIST_FILE = YES;
				IPHONEOS_DEPLOYMENT_TARGET = 26.5;
				MARKETING_VERSION = 1.0;
				PRODUCT_BUNDLE_IDENTIFIER = com.attilagiczi.NOXHTests;
				PRODUCT_NAME = "$(TARGET_NAME)";
				STRING_CATALOG_GENERATE_SYMBOLS = NO;
				SWIFT_APPROACHABLE_CONCURRENCY = YES;
				SWIFT_EMIT_LOC_STRINGS = NO;
				SWIFT_UPCOMING_FEATURE_MEMBER_IMPORT_VISIBILITY = YES;
				SWIFT_VERSION = 5.0;
				TARGETED_DEVICE_FAMILY = "1,2";
				TEST_HOST = "$(BUILT_PRODUCTS_DIR)/NOXH.app/$(BUNDLE_EXECUTABLE_FOLDER_PATH)/NOXH";
			};
			name = Release;
		};
		3678DC272FFC34C800F23378 /* Debug */ = {
			isa = XCBuildConfiguration;
			buildSettings = {
				CODE_SIGN_STYLE = Automatic;
				CURRENT_PROJECT_VERSION = 1;
				DEVELOPMENT_TEAM = SXV873ZRZQ;
				GENERATE_INFOPLIST_FILE = YES;
				MARKETING_VERSION = 1.0;
				PRODUCT_BUNDLE_IDENTIFIER = com.attilagiczi.NOXHUITests;
				PRODUCT_NAME = "$(TARGET_NAME)";
				STRING_CATALOG_GENERATE_SYMBOLS = NO;
				SWIFT_APPROACHABLE_CONCURRENCY = YES;
				SWIFT_EMIT_LOC_STRINGS = NO;
				SWIFT_UPCOMING_FEATURE_MEMBER_IMPORT_VISIBILITY = YES;
				SWIFT_VERSION = 5.0;
				TARGETED_DEVICE_FAMILY = "1,2";
				TEST_TARGET_NAME = NOXH;
			};
			name = Debug;
		};
		3678DC282FFC34C800F23378 /* Release */ = {
			isa = XCBuildConfiguration;
			buildSettings = {
				CODE_SIGN_STYLE = Automatic;
				CURRENT_PROJECT_VERSION = 1;
				DEVELOPMENT_TEAM = SXV873ZRZQ;
				GENERATE_INFOPLIST_FILE = YES;
				MARKETING_VERSION = 1.0;
				PRODUCT_BUNDLE_IDENTIFIER = com.attilagiczi.NOXHUITests;
				PRODUCT_NAME = "$(TARGET_NAME)";
				STRING_CATALOG_GENERATE_SYMBOLS = NO;
				SWIFT_APPROACHABLE_CONCURRENCY = YES;
				SWIFT_EMIT_LOC_STRINGS = NO;
				SWIFT_UPCOMING_FEATURE_MEMBER_IMPORT_VISIBILITY = YES;
				SWIFT_VERSION = 5.0;
				TARGETED_DEVICE_FAMILY = "1,2";
				TEST_TARGET_NAME = NOXH;
			};
			name = Release;
		};
/* End XCBuildConfiguration section */

/* Begin XCConfigurationList section */
		3678DBFA2FFC34C600F23378 /* Build configuration list for PBXProject "NOXH" */ = {
			isa = XCConfigurationList;
			buildConfigurations = (
				3678DC1E2FFC34C800F23378 /* Debug */,
				3678DC1F2FFC34C800F23378 /* Release */,
			);
			defaultConfigurationIsVisible = 0;
			defaultConfigurationName = Release;
		};
		3678DC202FFC34C800F23378 /* Build configuration list for PBXNativeTarget "NOXH" */ = {
			isa = XCConfigurationList;
			buildConfigurations = (
				3678DC212FFC34C800F23378 /* Debug */,
				3678DC222FFC34C800F23378 /* Release */,
			);
			defaultConfigurationIsVisible = 0;
			defaultConfigurationName = Release;
		};
		3678DC232FFC34C800F23378 /* Build configuration list for PBXNativeTarget "NOXHTests" */ = {
			isa = XCConfigurationList;
			buildConfigurations = (
				3678DC242FFC34C800F23378 /* Debug */,
				3678DC252FFC34C800F23378 /* Release */,
			);
			defaultConfigurationIsVisible = 0;
			defaultConfigurationName = Release;
		};
		3678DC262FFC34C800F23378 /* Build configuration list for PBXNativeTarget "NOXHUITests" */ = {
			isa = XCConfigurationList;
			buildConfigurations = (
				3678DC272FFC34C800F23378 /* Debug */,
				3678DC282FFC34C800F23378 /* Release */,
			);
			defaultConfigurationIsVisible = 0;
			defaultConfigurationName = Release;
		};
/* End XCConfigurationList section */
	};
	rootObject = 3678DBF72FFC34C600F23378 /* Project object */;
}
